// !$*UTF8*$!
{
	archiveVersion = 1;
	classes = {
	};
	objectVersion = 56;
	objects = {

/* Begin PBXBuildFile section */
		83474A7B2BEE6160009B9C48 /* AppDelegate.swift in Sources */ = {isa = PBXBuildFile; fileRef = 83474A7A2BEE6160009B9C48 /* AppDelegate.swift */; };
		83474A7D2BEE6160009B9C48 /* SceneDelegate.swift in Sources */ = {isa = PBXBuildFile; fileRef = 83474A7C2BEE6160009B9C48 /* SceneDelegate.swift */; };
		83474A7F2BEE6160009B9C48 /* ViewController.swift in Sources */ = {isa = PBXBuildFile; fileRef = 83474A7E2BEE6160009B9C48 /* ViewController.swift */; };
		83474A842BEE6162009B9C48 /* Assets.xcassets in Resources */ = {isa = PBXBuildFile; fileRef = 83474A832BEE6162009B9C48 /* Assets.xcassets */; };
		83474A992BEE6326009B9C48 /* HomeView.swift in Sources */ = {isa = PBXBuildFile; fileRef = 83474A982BEE6326009B9C48 /* HomeView.swift */; };
		83474A9B2BEE632F009B9C48 /* HomeViewController.swift in Sources */ = {isa = PBXBuildFile; fileRef = 83474A9A2BEE632F009B9C48 /* HomeViewController.swift */; };
		83474AA52BEE6529009B9C48 /* HomeCollectionViewCell.swift in Sources */ = {isa = PBXBuildFile; fileRef = 83474AA42BEE6529009B9C48 /* HomeCollectionViewCell.swift */; };
		83474AAA2BEE65B5009B9C48 /* HomeAPIService.swift in Sources */ = {isa = PBXBuildFile; fileRef = 83474AA92BEE65B5009B9C48 /* HomeAPIService.swift */; };
		83474AAC2BEE65D4009B9C48 /* GetHomeResponseDTO.swift in Sources */ = {isa = PBXBuildFile; fileRef = 83474AAB2BEE65D4009B9C48 /* GetHomeResponseDTO.swift */; };
		83474AAF2BEE6631009B9C48 /* NetworkResult.swift in Sources */ = {isa = PBXBuildFile; fileRef = 83474AAE2BEE6631009B9C48 /* NetworkResult.swift */; };
		83474AB52BEE670C009B9C48 /* a.swift in Sources */ = {isa = PBXBuildFile; fileRef = 83474AB42BEE670C009B9C48 /* a.swift */; };
		83474AB92BEE673C009B9C48 /* StringLiterals.swift in Sources */ = {isa = PBXBuildFile; fileRef = 83474AB82BEE673C009B9C48 /* StringLiterals.swift */; };
		83474ABB2BEE677C009B9C48 /* FontLiterals.swift in Sources */ = {isa = PBXBuildFile; fileRef = 83474ABA2BEE677C009B9C48 /* FontLiterals.swift */; };
		83474ABD2BEE6815009B9C48 /* UIStackView+.swift in Sources */ = {isa = PBXBuildFile; fileRef = 83474ABC2BEE6815009B9C48 /* UIStackView+.swift */; };
		83474ABF2BEE6824009B9C48 /* UITextField+.swift in Sources */ = {isa = PBXBuildFile; fileRef = 83474ABE2BEE6824009B9C48 /* UITextField+.swift */; };
		83474AC12BEE684A009B9C48 /* UIView+.swift in Sources */ = {isa = PBXBuildFile; fileRef = 83474AC02BEE684A009B9C48 /* UIView+.swift */; };
		83474AC32BEE6878009B9C48 /* UIViewController+.swift in Sources */ = {isa = PBXBuildFile; fileRef = 83474AC22BEE6878009B9C48 /* UIViewController+.swift */; };
		83474AC52BEE688E009B9C48 /* NSObject+.swift in Sources */ = {isa = PBXBuildFile; fileRef = 83474AC42BEE688E009B9C48 /* NSObject+.swift */; };
		83474AC72BEE68A8009B9C48 /* UILabel+.swift in Sources */ = {isa = PBXBuildFile; fileRef = 83474AC62BEE68A8009B9C48 /* UILabel+.swift */; };
		83474AC92BEE68DC009B9C48 /* UIButton+.swift in Sources */ = {isa = PBXBuildFile; fileRef = 83474AC82BEE68DC009B9C48 /* UIButton+.swift */; };
		83474ACB2BEE68FC009B9C48 /* UIImageView+.swift in Sources */ = {isa = PBXBuildFile; fileRef = 83474ACA2BEE68FC009B9C48 /* UIImageView+.swift */; };
		83474ACE2BEE6977009B9C48 /* SnapKit in Frameworks */ = {isa = PBXBuildFile; productRef = 83474ACD2BEE6977009B9C48 /* SnapKit */; };
		83474AD12BEE697E009B9C48 /* Then in Frameworks */ = {isa = PBXBuildFile; productRef = 83474AD02BEE697E009B9C48 /* Then */; };
		83474AD42BEE69CA009B9C48 /* Moya in Frameworks */ = {isa = PBXBuildFile; productRef = 83474AD32BEE69CA009B9C48 /* Moya */; };
		83474AD72BEE69E0009B9C48 /* Kingfisher in Frameworks */ = {isa = PBXBuildFile; productRef = 83474AD62BEE69E0009B9C48 /* Kingfisher */; };
		8360DA682BF10A64002CABBC /* AppleSDGothicNeoSB.ttf in Resources */ = {isa = PBXBuildFile; fileRef = 8360DA642BF10A64002CABBC /* AppleSDGothicNeoSB.ttf */; };
		8360DA6A2BF10A64002CABBC /* AppleSDGothicNeoR.ttf in Resources */ = {isa = PBXBuildFile; fileRef = 8360DA662BF10A64002CABBC /* AppleSDGothicNeoR.ttf */; };
		8360DA6D2BF1CBD5002CABBC /* TabBarItem.swift in Sources */ = {isa = PBXBuildFile; fileRef = 8360DA6C2BF1CBD5002CABBC /* TabBarItem.swift */; };
		8360DA6F2BF1D3EA002CABBC /* TabBarController.swift in Sources */ = {isa = PBXBuildFile; fileRef = 8360DA6E2BF1D3EA002CABBC /* TabBarController.swift */; };
		D083F05C2BF546F800128DA1 /* TotalMoneyCell.swift in Sources */ = {isa = PBXBuildFile; fileRef = D083F05B2BF546F800128DA1 /* TotalMoneyCell.swift */; };
		D083F05E2BF5486600128DA1 /* AssetViewController.swift in Sources */ = {isa = PBXBuildFile; fileRef = D083F05D2BF5486600128DA1 /* AssetViewController.swift */; };
		D083F0602BF5488C00128DA1 /* AssetView.swift in Sources */ = {isa = PBXBuildFile; fileRef = D083F05F2BF5488C00128DA1 /* AssetView.swift */; };
		D083F0632BF548AB00128DA1 /* TotalMoneyModel.swift in Sources */ = {isa = PBXBuildFile; fileRef = D083F0622BF548AB00128DA1 /* TotalMoneyModel.swift */; };
		D083F0652BF54ADC00128DA1 /* AccontCell.swift in Sources */ = {isa = PBXBuildFile; fileRef = D083F0642BF54ADC00128DA1 /* AccontCell.swift */; };
		D083F0672BF54FC900128DA1 /* MoneyHeaderView.swift in Sources */ = {isa = PBXBuildFile; fileRef = D083F0662BF54FC900128DA1 /* MoneyHeaderView.swift */; };
		D083F0692BF5518E00128DA1 /* AccountFooterView.swift in Sources */ = {isa = PBXBuildFile; fileRef = D083F0682BF5518E00128DA1 /* AccountFooterView.swift */; };
		D083F06B2BF557BC00128DA1 /* MoreView.swift in Sources */ = {isa = PBXBuildFile; fileRef = D083F06A2BF557BC00128DA1 /* MoreView.swift */; };
		D083F06F2BF558F600128DA1 /* CompositionalFactory.swift in Sources */ = {isa = PBXBuildFile; fileRef = D083F06E2BF558F600128DA1 /* CompositionalFactory.swift */; };
		D083F0712BF57A7E00128DA1 /* NewsCell.swift in Sources */ = {isa = PBXBuildFile; fileRef = D083F0702BF57A7E00128DA1 /* NewsCell.swift */; };
		D083F0732BF5854900128DA1 /* NewsModel.swift in Sources */ = {isa = PBXBuildFile; fileRef = D083F0722BF5854900128DA1 /* NewsModel.swift */; };
		D083F0752BF5F86200128DA1 /* SpendingCell.swift in Sources */ = {isa = PBXBuildFile; fileRef = D083F0742BF5F86200128DA1 /* SpendingCell.swift */; };
		D083F0772BF6481800128DA1 /* investmentAndLoanCell.swift in Sources */ = {isa = PBXBuildFile; fileRef = D083F0762BF6481800128DA1 /* investmentAndLoanCell.swift */; };
		D083F0792BF64D5E00128DA1 /* InvestmentAndLoanModel.swift in Sources */ = {isa = PBXBuildFile; fileRef = D083F0782BF64D5E00128DA1 /* InvestmentAndLoanModel.swift */; };
		D083F07B2BF671F200128DA1 /* PayIssueCell.swift in Sources */ = {isa = PBXBuildFile; fileRef = D083F07A2BF671F100128DA1 /* PayIssueCell.swift */; };
		D083F07D2BF6744B00128DA1 /* PayIssueModel.swift in Sources */ = {isa = PBXBuildFile; fileRef = D083F07C2BF6744B00128DA1 /* PayIssueModel.swift */; };
		D083F07F2BF681C300128DA1 /* DirectCell.swift in Sources */ = {isa = PBXBuildFile; fileRef = D083F07E2BF681C300128DA1 /* DirectCell.swift */; };
		D083F0812BF6841D00128DA1 /* DirectModel.swift in Sources */ = {isa = PBXBuildFile; fileRef = D083F0802BF6841D00128DA1 /* DirectModel.swift */; };
		D083F0832BF68C6100128DA1 /* SectionBackgroundView.swift in Sources */ = {isa = PBXBuildFile; fileRef = D083F0822BF68C6100128DA1 /* SectionBackgroundView.swift */; };
		D0B98C182BF7B7FF00195359 /* DirectHeaderView.swift in Sources */ = {isa = PBXBuildFile; fileRef = D0B98C172BF7B7FF00195359 /* DirectHeaderView.swift */; };
		D0B98C1A2BF7B9F000195359 /* DirectFooterView.swift in Sources */ = {isa = PBXBuildFile; fileRef = D0B98C192BF7B9F000195359 /* DirectFooterView.swift */; };
		8360DA742BF2210D002CABBC /* TransferViewController.swift in Sources */ = {isa = PBXBuildFile; fileRef = 8360DA732BF2210C002CABBC /* TransferViewController.swift */; };
		8360DA762BF22116002CABBC /* TransferView.swift in Sources */ = {isa = PBXBuildFile; fileRef = 8360DA752BF22116002CABBC /* TransferView.swift */; };
		8360DA7E2BF22581002CABBC /* TransferHeaderView.swift in Sources */ = {isa = PBXBuildFile; fileRef = 8360DA7D2BF22581002CABBC /* TransferHeaderView.swift */; };
		8360DA812BF22C1F002CABBC /* MyAccountTableViewCell.swift in Sources */ = {isa = PBXBuildFile; fileRef = 8360DA802BF22C1F002CABBC /* MyAccountTableViewCell.swift */; };
		8360DA832BF22C54002CABBC /* RecentTableViewCell.swift in Sources */ = {isa = PBXBuildFile; fileRef = 8360DA822BF22C54002CABBC /* RecentTableViewCell.swift */; };
		8360DA852BF22D6F002CABBC /* MyAccountHeaderView.swift in Sources */ = {isa = PBXBuildFile; fileRef = 8360DA842BF22D6F002CABBC /* MyAccountHeaderView.swift */; };
		8360DA872BF22D7B002CABBC /* RecentHeaderView.swift in Sources */ = {isa = PBXBuildFile; fileRef = 8360DA862BF22D7B002CABBC /* RecentHeaderView.swift */; };
		8360DA8A2BF25FF3002CABBC /* TransferModel.swift in Sources */ = {isa = PBXBuildFile; fileRef = 8360DA892BF25FF3002CABBC /* TransferModel.swift */; };
		8360DA902BF3C2BA002CABBC /* PaymentModel.swift in Sources */ = {isa = PBXBuildFile; fileRef = 8360DA8F2BF3C2BA002CABBC /* PaymentModel.swift */; };
		8360DA922BF3C2C4002CABBC /* PaymentView.swift in Sources */ = {isa = PBXBuildFile; fileRef = 8360DA912BF3C2C4002CABBC /* PaymentView.swift */; };
		8360DA942BF3C2CE002CABBC /* PaymentViewController.swift in Sources */ = {isa = PBXBuildFile; fileRef = 8360DA932BF3C2CE002CABBC /* PaymentViewController.swift */; };
		836814E82BFDB3B800472A0B /* MoyaPlugin.swift in Sources */ = {isa = PBXBuildFile; fileRef = 836814E72BFDB3B800472A0B /* MoyaPlugin.swift */; };
		836814EB2BFDB52C00472A0B /* GetBalanceDTO.swift in Sources */ = {isa = PBXBuildFile; fileRef = 836814EA2BFDB52C00472A0B /* GetBalanceDTO.swift */; };
		836814ED2BFDB54200472A0B /* GetPayPointDTO.swift in Sources */ = {isa = PBXBuildFile; fileRef = 836814EC2BFDB54200472A0B /* GetPayPointDTO.swift */; };
		836814EF2BFDB55300472A0B /* PostBookmarkDTO.swift in Sources */ = {isa = PBXBuildFile; fileRef = 836814EE2BFDB55300472A0B /* PostBookmarkDTO.swift */; };
		836814F12BFDB56900472A0B /* GetHistoriesDTO.swift in Sources */ = {isa = PBXBuildFile; fileRef = 836814F02BFDB56900472A0B /* GetHistoriesDTO.swift */; };
		836814F32BFDB58000472A0B /* GetPayMoneyDTO.swift in Sources */ = {isa = PBXBuildFile; fileRef = 836814F22BFDB58000472A0B /* GetPayMoneyDTO.swift */; };
		836814F52BFDB58C00472A0B /* DeleteBookmarkDTO.swift in Sources */ = {isa = PBXBuildFile; fileRef = 836814F42BFDB58C00472A0B /* DeleteBookmarkDTO.swift */; };
		836814F82BFDC90D00472A0B /* BaseAPIService.swift in Sources */ = {isa = PBXBuildFile; fileRef = 836814F72BFDC90D00472A0B /* BaseAPIService.swift */; };
		836814FA2BFDCEC600472A0B /* Config.swift in Sources */ = {isa = PBXBuildFile; fileRef = 836814F92BFDCEC600472A0B /* Config.swift */; };
		836814FC2BFDCFE700472A0B /* APIService.swift in Sources */ = {isa = PBXBuildFile; fileRef = 836814FB2BFDCFE700472A0B /* APIService.swift */; };
		836814FE2BFDD25E00472A0B /* BalanceService.swift in Sources */ = {isa = PBXBuildFile; fileRef = 836814FD2BFDD25D00472A0B /* BalanceService.swift */; };
		836815002BFDD81F00472A0B /* PayPointService.swift in Sources */ = {isa = PBXBuildFile; fileRef = 836814FF2BFDD81F00472A0B /* PayPointService.swift */; };
		836815022BFDD89200472A0B /* HistoriesService.swift in Sources */ = {isa = PBXBuildFile; fileRef = 836815012BFDD89200472A0B /* HistoriesService.swift */; };
		836815042BFDD8EB00472A0B /* PayMoneyService.swift in Sources */ = {isa = PBXBuildFile; fileRef = 836815032BFDD8EB00472A0B /* PayMoneyService.swift */; };
		836815072BFDD97700472A0B /* BookmarkService.swift in Sources */ = {isa = PBXBuildFile; fileRef = 836815062BFDD97700472A0B /* BookmarkService.swift */; };
		83E327C12BF5CFA400C7891C /* CustomDivideView.swift in Sources */ = {isa = PBXBuildFile; fileRef = 83E327C02BF5CFA400C7891C /* CustomDivideView.swift */; };
		83FA54422BF5200000F4C1CC /* BarcodePaymentView.swift in Sources */ = {isa = PBXBuildFile; fileRef = 83FA54412BF5200000F4C1CC /* BarcodePaymentView.swift */; };
/* End PBXBuildFile section */

/* Begin PBXFileReference section */
		83474A772BEE6160009B9C48 /* KakaoPay-iOS.app */ = {isa = PBXFileReference; explicitFileType = wrapper.application; includeInIndex = 0; path = "KakaoPay-iOS.app"; sourceTree = BUILT_PRODUCTS_DIR; };
		83474A7A2BEE6160009B9C48 /* AppDelegate.swift */ = {isa = PBXFileReference; lastKnownFileType = sourcecode.swift; path = AppDelegate.swift; sourceTree = "<group>"; };
		83474A7C2BEE6160009B9C48 /* SceneDelegate.swift */ = {isa = PBXFileReference; lastKnownFileType = sourcecode.swift; path = SceneDelegate.swift; sourceTree = "<group>"; };
		83474A7E2BEE6160009B9C48 /* ViewController.swift */ = {isa = PBXFileReference; lastKnownFileType = sourcecode.swift; path = ViewController.swift; sourceTree = "<group>"; };
		83474A832BEE6162009B9C48 /* Assets.xcassets */ = {isa = PBXFileReference; lastKnownFileType = folder.assetcatalog; path = Assets.xcassets; sourceTree = "<group>"; };
		83474A882BEE6162009B9C48 /* Info.plist */ = {isa = PBXFileReference; lastKnownFileType = text.plist.xml; path = Info.plist; sourceTree = "<group>"; };
		83474A982BEE6326009B9C48 /* HomeView.swift */ = {isa = PBXFileReference; lastKnownFileType = sourcecode.swift; path = HomeView.swift; sourceTree = "<group>"; };
		83474A9A2BEE632F009B9C48 /* HomeViewController.swift */ = {isa = PBXFileReference; lastKnownFileType = sourcecode.swift; path = HomeViewController.swift; sourceTree = "<group>"; };
		83474AA42BEE6529009B9C48 /* HomeCollectionViewCell.swift */ = {isa = PBXFileReference; lastKnownFileType = sourcecode.swift; path = HomeCollectionViewCell.swift; sourceTree = "<group>"; };
		83474AA92BEE65B5009B9C48 /* HomeAPIService.swift */ = {isa = PBXFileReference; lastKnownFileType = sourcecode.swift; path = HomeAPIService.swift; sourceTree = "<group>"; };
		83474AAB2BEE65D4009B9C48 /* GetHomeResponseDTO.swift */ = {isa = PBXFileReference; lastKnownFileType = sourcecode.swift; path = GetHomeResponseDTO.swift; sourceTree = "<group>"; };
		83474AAE2BEE6631009B9C48 /* NetworkResult.swift */ = {isa = PBXFileReference; lastKnownFileType = sourcecode.swift; path = NetworkResult.swift; sourceTree = "<group>"; };
		83474AB42BEE670C009B9C48 /* a.swift */ = {isa = PBXFileReference; lastKnownFileType = sourcecode.swift; path = a.swift; sourceTree = "<group>"; };
		83474AB82BEE673C009B9C48 /* StringLiterals.swift */ = {isa = PBXFileReference; lastKnownFileType = sourcecode.swift; path = StringLiterals.swift; sourceTree = "<group>"; };
		83474ABA2BEE677C009B9C48 /* FontLiterals.swift */ = {isa = PBXFileReference; lastKnownFileType = sourcecode.swift; path = FontLiterals.swift; sourceTree = "<group>"; };
		83474ABC2BEE6815009B9C48 /* UIStackView+.swift */ = {isa = PBXFileReference; lastKnownFileType = sourcecode.swift; path = "UIStackView+.swift"; sourceTree = "<group>"; };
		83474ABE2BEE6824009B9C48 /* UITextField+.swift */ = {isa = PBXFileReference; lastKnownFileType = sourcecode.swift; path = "UITextField+.swift"; sourceTree = "<group>"; };
		83474AC02BEE684A009B9C48 /* UIView+.swift */ = {isa = PBXFileReference; lastKnownFileType = sourcecode.swift; path = "UIView+.swift"; sourceTree = "<group>"; };
		83474AC22BEE6878009B9C48 /* UIViewController+.swift */ = {isa = PBXFileReference; lastKnownFileType = sourcecode.swift; path = "UIViewController+.swift"; sourceTree = "<group>"; };
		83474AC42BEE688E009B9C48 /* NSObject+.swift */ = {isa = PBXFileReference; lastKnownFileType = sourcecode.swift; path = "NSObject+.swift"; sourceTree = "<group>"; };
		83474AC62BEE68A8009B9C48 /* UILabel+.swift */ = {isa = PBXFileReference; lastKnownFileType = sourcecode.swift; path = "UILabel+.swift"; sourceTree = "<group>"; };
		83474AC82BEE68DC009B9C48 /* UIButton+.swift */ = {isa = PBXFileReference; lastKnownFileType = sourcecode.swift; path = "UIButton+.swift"; sourceTree = "<group>"; };
		83474ACA2BEE68FC009B9C48 /* UIImageView+.swift */ = {isa = PBXFileReference; lastKnownFileType = sourcecode.swift; path = "UIImageView+.swift"; sourceTree = "<group>"; };
		8360DA642BF10A64002CABBC /* AppleSDGothicNeoSB.ttf */ = {isa = PBXFileReference; lastKnownFileType = file; path = AppleSDGothicNeoSB.ttf; sourceTree = "<group>"; };
		8360DA662BF10A64002CABBC /* AppleSDGothicNeoR.ttf */ = {isa = PBXFileReference; lastKnownFileType = file; path = AppleSDGothicNeoR.ttf; sourceTree = "<group>"; };
		8360DA6C2BF1CBD5002CABBC /* TabBarItem.swift */ = {isa = PBXFileReference; lastKnownFileType = sourcecode.swift; path = TabBarItem.swift; sourceTree = "<group>"; };
		8360DA6E2BF1D3EA002CABBC /* TabBarController.swift */ = {isa = PBXFileReference; lastKnownFileType = sourcecode.swift; path = TabBarController.swift; sourceTree = "<group>"; };
		D083F05B2BF546F800128DA1 /* TotalMoneyCell.swift */ = {isa = PBXFileReference; lastKnownFileType = sourcecode.swift; path = TotalMoneyCell.swift; sourceTree = "<group>"; };
		D083F05D2BF5486600128DA1 /* AssetViewController.swift */ = {isa = PBXFileReference; lastKnownFileType = sourcecode.swift; path = AssetViewController.swift; sourceTree = "<group>"; };
		D083F05F2BF5488C00128DA1 /* AssetView.swift */ = {isa = PBXFileReference; lastKnownFileType = sourcecode.swift; path = AssetView.swift; sourceTree = "<group>"; };
		D083F0622BF548AB00128DA1 /* TotalMoneyModel.swift */ = {isa = PBXFileReference; lastKnownFileType = sourcecode.swift; path = TotalMoneyModel.swift; sourceTree = "<group>"; };
		D083F0642BF54ADC00128DA1 /* AccontCell.swift */ = {isa = PBXFileReference; lastKnownFileType = sourcecode.swift; path = AccontCell.swift; sourceTree = "<group>"; };
		D083F0662BF54FC900128DA1 /* MoneyHeaderView.swift */ = {isa = PBXFileReference; lastKnownFileType = sourcecode.swift; path = MoneyHeaderView.swift; sourceTree = "<group>"; };
		D083F0682BF5518E00128DA1 /* AccountFooterView.swift */ = {isa = PBXFileReference; lastKnownFileType = sourcecode.swift; path = AccountFooterView.swift; sourceTree = "<group>"; };
		D083F06A2BF557BC00128DA1 /* MoreView.swift */ = {isa = PBXFileReference; lastKnownFileType = sourcecode.swift; path = MoreView.swift; sourceTree = "<group>"; };
		D083F06E2BF558F600128DA1 /* CompositionalFactory.swift */ = {isa = PBXFileReference; lastKnownFileType = sourcecode.swift; path = CompositionalFactory.swift; sourceTree = "<group>"; };
		D083F0702BF57A7E00128DA1 /* NewsCell.swift */ = {isa = PBXFileReference; lastKnownFileType = sourcecode.swift; path = NewsCell.swift; sourceTree = "<group>"; };
		D083F0722BF5854900128DA1 /* NewsModel.swift */ = {isa = PBXFileReference; lastKnownFileType = sourcecode.swift; path = NewsModel.swift; sourceTree = "<group>"; };
		D083F0742BF5F86200128DA1 /* SpendingCell.swift */ = {isa = PBXFileReference; lastKnownFileType = sourcecode.swift; path = SpendingCell.swift; sourceTree = "<group>"; };
		D083F0762BF6481800128DA1 /* investmentAndLoanCell.swift */ = {isa = PBXFileReference; lastKnownFileType = sourcecode.swift; path = investmentAndLoanCell.swift; sourceTree = "<group>"; };
		D083F0782BF64D5E00128DA1 /* InvestmentAndLoanModel.swift */ = {isa = PBXFileReference; lastKnownFileType = sourcecode.swift; path = InvestmentAndLoanModel.swift; sourceTree = "<group>"; };
		D083F07A2BF671F100128DA1 /* PayIssueCell.swift */ = {isa = PBXFileReference; lastKnownFileType = sourcecode.swift; path = PayIssueCell.swift; sourceTree = "<group>"; };
		D083F07C2BF6744B00128DA1 /* PayIssueModel.swift */ = {isa = PBXFileReference; lastKnownFileType = sourcecode.swift; path = PayIssueModel.swift; sourceTree = "<group>"; };
		D083F07E2BF681C300128DA1 /* DirectCell.swift */ = {isa = PBXFileReference; lastKnownFileType = sourcecode.swift; path = DirectCell.swift; sourceTree = "<group>"; };
		D083F0802BF6841D00128DA1 /* DirectModel.swift */ = {isa = PBXFileReference; lastKnownFileType = sourcecode.swift; path = DirectModel.swift; sourceTree = "<group>"; };
		D083F0822BF68C6100128DA1 /* SectionBackgroundView.swift */ = {isa = PBXFileReference; lastKnownFileType = sourcecode.swift; path = SectionBackgroundView.swift; sourceTree = "<group>"; };
		D0B98C172BF7B7FF00195359 /* DirectHeaderView.swift */ = {isa = PBXFileReference; lastKnownFileType = sourcecode.swift; path = DirectHeaderView.swift; sourceTree = "<group>"; };
		D0B98C192BF7B9F000195359 /* DirectFooterView.swift */ = {isa = PBXFileReference; lastKnownFileType = sourcecode.swift; path = DirectFooterView.swift; sourceTree = "<group>"; };
		8360DA732BF2210C002CABBC /* TransferViewController.swift */ = {isa = PBXFileReference; lastKnownFileType = sourcecode.swift; path = TransferViewController.swift; sourceTree = "<group>"; };
		8360DA752BF22116002CABBC /* TransferView.swift */ = {isa = PBXFileReference; lastKnownFileType = sourcecode.swift; path = TransferView.swift; sourceTree = "<group>"; };
		8360DA7D2BF22581002CABBC /* TransferHeaderView.swift */ = {isa = PBXFileReference; lastKnownFileType = sourcecode.swift; path = TransferHeaderView.swift; sourceTree = "<group>"; };
		8360DA802BF22C1F002CABBC /* MyAccountTableViewCell.swift */ = {isa = PBXFileReference; lastKnownFileType = sourcecode.swift; path = MyAccountTableViewCell.swift; sourceTree = "<group>"; };
		8360DA822BF22C54002CABBC /* RecentTableViewCell.swift */ = {isa = PBXFileReference; lastKnownFileType = sourcecode.swift; path = RecentTableViewCell.swift; sourceTree = "<group>"; };
		8360DA842BF22D6F002CABBC /* MyAccountHeaderView.swift */ = {isa = PBXFileReference; lastKnownFileType = sourcecode.swift; path = MyAccountHeaderView.swift; sourceTree = "<group>"; };
		8360DA862BF22D7B002CABBC /* RecentHeaderView.swift */ = {isa = PBXFileReference; lastKnownFileType = sourcecode.swift; path = RecentHeaderView.swift; sourceTree = "<group>"; };
		8360DA892BF25FF3002CABBC /* TransferModel.swift */ = {isa = PBXFileReference; lastKnownFileType = sourcecode.swift; path = TransferModel.swift; sourceTree = "<group>"; };
		8360DA8F2BF3C2BA002CABBC /* PaymentModel.swift */ = {isa = PBXFileReference; lastKnownFileType = sourcecode.swift; path = PaymentModel.swift; sourceTree = "<group>"; };
		8360DA912BF3C2C4002CABBC /* PaymentView.swift */ = {isa = PBXFileReference; lastKnownFileType = sourcecode.swift; path = PaymentView.swift; sourceTree = "<group>"; };
		8360DA932BF3C2CE002CABBC /* PaymentViewController.swift */ = {isa = PBXFileReference; lastKnownFileType = sourcecode.swift; path = PaymentViewController.swift; sourceTree = "<group>"; };
		836814E72BFDB3B800472A0B /* MoyaPlugin.swift */ = {isa = PBXFileReference; lastKnownFileType = sourcecode.swift; path = MoyaPlugin.swift; sourceTree = "<group>"; };
		836814EA2BFDB52C00472A0B /* GetBalanceDTO.swift */ = {isa = PBXFileReference; lastKnownFileType = sourcecode.swift; path = GetBalanceDTO.swift; sourceTree = "<group>"; };
		836814EC2BFDB54200472A0B /* GetPayPointDTO.swift */ = {isa = PBXFileReference; lastKnownFileType = sourcecode.swift; path = GetPayPointDTO.swift; sourceTree = "<group>"; };
		836814EE2BFDB55300472A0B /* PostBookmarkDTO.swift */ = {isa = PBXFileReference; lastKnownFileType = sourcecode.swift; path = PostBookmarkDTO.swift; sourceTree = "<group>"; };
		836814F02BFDB56900472A0B /* GetHistoriesDTO.swift */ = {isa = PBXFileReference; lastKnownFileType = sourcecode.swift; path = GetHistoriesDTO.swift; sourceTree = "<group>"; };
		836814F22BFDB58000472A0B /* GetPayMoneyDTO.swift */ = {isa = PBXFileReference; lastKnownFileType = sourcecode.swift; path = GetPayMoneyDTO.swift; sourceTree = "<group>"; };
		836814F42BFDB58C00472A0B /* DeleteBookmarkDTO.swift */ = {isa = PBXFileReference; lastKnownFileType = sourcecode.swift; path = DeleteBookmarkDTO.swift; sourceTree = "<group>"; };
		836814F72BFDC90D00472A0B /* BaseAPIService.swift */ = {isa = PBXFileReference; lastKnownFileType = sourcecode.swift; path = BaseAPIService.swift; sourceTree = "<group>"; };
		836814F92BFDCEC600472A0B /* Config.swift */ = {isa = PBXFileReference; lastKnownFileType = sourcecode.swift; path = Config.swift; sourceTree = "<group>"; };
		836814FB2BFDCFE700472A0B /* APIService.swift */ = {isa = PBXFileReference; lastKnownFileType = sourcecode.swift; path = APIService.swift; sourceTree = "<group>"; };
		836814FD2BFDD25D00472A0B /* BalanceService.swift */ = {isa = PBXFileReference; lastKnownFileType = sourcecode.swift; path = BalanceService.swift; sourceTree = "<group>"; };
		836814FF2BFDD81F00472A0B /* PayPointService.swift */ = {isa = PBXFileReference; lastKnownFileType = sourcecode.swift; path = PayPointService.swift; sourceTree = "<group>"; };
		836815012BFDD89200472A0B /* HistoriesService.swift */ = {isa = PBXFileReference; lastKnownFileType = sourcecode.swift; path = HistoriesService.swift; sourceTree = "<group>"; };
		836815032BFDD8EB00472A0B /* PayMoneyService.swift */ = {isa = PBXFileReference; lastKnownFileType = sourcecode.swift; path = PayMoneyService.swift; sourceTree = "<group>"; };
		836815062BFDD97700472A0B /* BookmarkService.swift */ = {isa = PBXFileReference; lastKnownFileType = sourcecode.swift; path = BookmarkService.swift; sourceTree = "<group>"; };
		83E327C02BF5CFA400C7891C /* CustomDivideView.swift */ = {isa = PBXFileReference; lastKnownFileType = sourcecode.swift; path = CustomDivideView.swift; sourceTree = "<group>"; };
		83FA54412BF5200000F4C1CC /* BarcodePaymentView.swift */ = {isa = PBXFileReference; lastKnownFileType = sourcecode.swift; path = BarcodePaymentView.swift; sourceTree = "<group>"; };
/* End PBXFileReference section */

/* Begin PBXFrameworksBuildPhase section */
		83474A742BEE6160009B9C48 /* Frameworks */ = {
			isa = PBXFrameworksBuildPhase;
			buildActionMask = 2147483647;
			files = (
				83474AD72BEE69E0009B9C48 /* Kingfisher in Frameworks */,
				83474ACE2BEE6977009B9C48 /* SnapKit in Frameworks */,
				83474AD12BEE697E009B9C48 /* Then in Frameworks */,
				83474AD42BEE69CA009B9C48 /* Moya in Frameworks */,
			);
			runOnlyForDeploymentPostprocessing = 0;
		};
/* End PBXFrameworksBuildPhase section */

/* Begin PBXGroup section */
		83474A6E2BEE6160009B9C48 = {
			isa = PBXGroup;
			children = (
				836814F92BFDCEC600472A0B /* Config.swift */,
				83474A792BEE6160009B9C48 /* KakaoPay-iOS */,
				83474A782BEE6160009B9C48 /* Products */,
			);
			sourceTree = "<group>";
		};
		83474A782BEE6160009B9C48 /* Products */ = {
			isa = PBXGroup;
			children = (
				83474A772BEE6160009B9C48 /* KakaoPay-iOS.app */,
			);
			name = Products;
			sourceTree = "<group>";
		};
		83474A792BEE6160009B9C48 /* KakaoPay-iOS */ = {
			isa = PBXGroup;
			children = (
				83474A922BEE62D8009B9C48 /* Application */,
				83474A912BEE62D2009B9C48 /* Global */,
				83474A902BEE62CB009B9C48 /* Network */,
				83474A8F2BEE62C1009B9C48 /* Presentation */,
			);
			path = "KakaoPay-iOS";
			sourceTree = "<group>";
		};
		83474A8F2BEE62C1009B9C48 /* Presentation */ = {
			isa = PBXGroup;
			children = (
				8360DA8B2BF3C248002CABBC /* Payment */,
				8360DA702BF220E0002CABBC /* Transfer */,
				8360DA6B2BF1CBCA002CABBC /* TabBar */,
				83474A932BEE62EA009B9C48 /* Home */,
				D083F0562BF5467700128DA1 /* Asset */,
				83474A7E2BEE6160009B9C48 /* ViewController.swift */,
			);
			path = Presentation;
			sourceTree = "<group>";
		};
		83474A902BEE62CB009B9C48 /* Network */ = {
			isa = PBXGroup;
			children = (
				836814F62BFDC8E200472A0B /* Service */,
				836814E92BFDB51300472A0B /* DTO */,
				83474AAD2BEE6604009B9C48 /* Base */,
				83474AA62BEE6569009B9C48 /* Home */,
			);
			path = Network;
			sourceTree = "<group>";
		};
		83474A912BEE62D2009B9C48 /* Global */ = {
			isa = PBXGroup;
			children = (
				83474AB32BEE66EF009B9C48 /* Extension */,
				83474AB22BEE66E6009B9C48 /* Literals */,
				83474AB12BEE66DF009B9C48 /* Protocols */,
				83474AB02BEE66C3009B9C48 /* Resources */,
			);
			path = Global;
			sourceTree = "<group>";
		};
		83474A922BEE62D8009B9C48 /* Application */ = {
			isa = PBXGroup;
			children = (
				83474A7A2BEE6160009B9C48 /* AppDelegate.swift */,
				83474A7C2BEE6160009B9C48 /* SceneDelegate.swift */,
			);
			path = Application;
			sourceTree = "<group>";
		};
		83474A932BEE62EA009B9C48 /* Home */ = {
			isa = PBXGroup;
			children = (
				83474A972BEE631B009B9C48 /* View */,
				83474A962BEE630E009B9C48 /* ViewController */,
				83474A952BEE6305009B9C48 /* Cells */,
			);
			path = Home;
			sourceTree = "<group>";
		};
		83474A952BEE6305009B9C48 /* Cells */ = {
			isa = PBXGroup;
			children = (
				83474AA42BEE6529009B9C48 /* HomeCollectionViewCell.swift */,
			);
			path = Cells;
			sourceTree = "<group>";
		};
		83474A962BEE630E009B9C48 /* ViewController */ = {
			isa = PBXGroup;
			children = (
				83474A9A2BEE632F009B9C48 /* HomeViewController.swift */,
			);
			path = ViewController;
			sourceTree = "<group>";
		};
		83474A972BEE631B009B9C48 /* View */ = {
			isa = PBXGroup;
			children = (
				83474A982BEE6326009B9C48 /* HomeView.swift */,
			);
			path = View;
			sourceTree = "<group>";
		};
		83474AA62BEE6569009B9C48 /* Home */ = {
			isa = PBXGroup;
			children = (
				83474AA82BEE657B009B9C48 /* DTO */,
				83474AA72BEE6574009B9C48 /* Service */,
			);
			path = Home;
			sourceTree = "<group>";
		};
		83474AA72BEE6574009B9C48 /* Service */ = {
			isa = PBXGroup;
			children = (
				83474AA92BEE65B5009B9C48 /* HomeAPIService.swift */,
			);
			path = Service;
			sourceTree = "<group>";
		};
		83474AA82BEE657B009B9C48 /* DTO */ = {
			isa = PBXGroup;
			children = (
				83474AAB2BEE65D4009B9C48 /* GetHomeResponseDTO.swift */,
			);
			path = DTO;
			sourceTree = "<group>";
		};
		83474AAD2BEE6604009B9C48 /* Base */ = {
			isa = PBXGroup;
			children = (
				83474AAE2BEE6631009B9C48 /* NetworkResult.swift */,
				836814E72BFDB3B800472A0B /* MoyaPlugin.swift */,
			);
			path = Base;
			sourceTree = "<group>";
		};
		83474AB02BEE66C3009B9C48 /* Resources */ = {
			isa = PBXGroup;
			children = (
				8360DA582BF10848002CABBC /* Fonts */,
				83474A832BEE6162009B9C48 /* Assets.xcassets */,
				83474A882BEE6162009B9C48 /* Info.plist */,
			);
			path = Resources;
			sourceTree = "<group>";
		};
		83474AB12BEE66DF009B9C48 /* Protocols */ = {
			isa = PBXGroup;
			children = (
				83474AB42BEE670C009B9C48 /* a.swift */,
			);
			path = Protocols;
			sourceTree = "<group>";
		};
		83474AB22BEE66E6009B9C48 /* Literals */ = {
			isa = PBXGroup;
			children = (
				83474AB82BEE673C009B9C48 /* StringLiterals.swift */,
				83474ABA2BEE677C009B9C48 /* FontLiterals.swift */,
			);
			path = Literals;
			sourceTree = "<group>";
		};
		83474AB32BEE66EF009B9C48 /* Extension */ = {
			isa = PBXGroup;
			children = (
				83474AC42BEE688E009B9C48 /* NSObject+.swift */,
				83474ABC2BEE6815009B9C48 /* UIStackView+.swift */,
				83474ABE2BEE6824009B9C48 /* UITextField+.swift */,
				83474AC02BEE684A009B9C48 /* UIView+.swift */,
				83474AC22BEE6878009B9C48 /* UIViewController+.swift */,
				83474AC62BEE68A8009B9C48 /* UILabel+.swift */,
				83474AC82BEE68DC009B9C48 /* UIButton+.swift */,
				83474ACA2BEE68FC009B9C48 /* UIImageView+.swift */,
			);
			path = Extension;
			sourceTree = "<group>";
		};
		8360DA582BF10848002CABBC /* Fonts */ = {
			isa = PBXGroup;
			children = (
				8360DA662BF10A64002CABBC /* AppleSDGothicNeoR.ttf */,
				8360DA642BF10A64002CABBC /* AppleSDGothicNeoSB.ttf */,
			);
			path = Fonts;
			sourceTree = "<group>";
		};
		8360DA6B2BF1CBCA002CABBC /* TabBar */ = {
			isa = PBXGroup;
			children = (
				8360DA6C2BF1CBD5002CABBC /* TabBarItem.swift */,
				8360DA6E2BF1D3EA002CABBC /* TabBarController.swift */,
			);
			path = TabBar;
			sourceTree = "<group>";
		};
		D083F0562BF5467700128DA1 /* Asset */ = {
			isa = PBXGroup;
			children = (
				D083F06C2BF5586700128DA1 /* Component */,
				D083F05A2BF546D900128DA1 /* Model */,
				D083F0592BF546D500128DA1 /* View */,
				D083F0582BF546CB00128DA1 /* ViewController */,
				D083F0572BF5469300128DA1 /* Cell */,
			);
			path = Asset;
			sourceTree = "<group>";
		};
		D083F0572BF5469300128DA1 /* Cell */ = {
			isa = PBXGroup;
			children = (
				D083F05B2BF546F800128DA1 /* TotalMoneyCell.swift */,
				D083F0662BF54FC900128DA1 /* MoneyHeaderView.swift */,
				D083F0642BF54ADC00128DA1 /* AccontCell.swift */,
				D083F0682BF5518E00128DA1 /* AccountFooterView.swift */,
				D083F0702BF57A7E00128DA1 /* NewsCell.swift */,
				D083F0742BF5F86200128DA1 /* SpendingCell.swift */,
				D083F0762BF6481800128DA1 /* investmentAndLoanCell.swift */,
				D083F07A2BF671F100128DA1 /* PayIssueCell.swift */,
				D083F07E2BF681C300128DA1 /* DirectCell.swift */,
				D0B98C172BF7B7FF00195359 /* DirectHeaderView.swift */,
				D0B98C192BF7B9F000195359 /* DirectFooterView.swift */,
			);
			path = Cell;
			sourceTree = "<group>";
		};
		D083F0582BF546CB00128DA1 /* ViewController */ = {
			isa = PBXGroup;
			children = (
				D083F05D2BF5486600128DA1 /* AssetViewController.swift */,
			);
			path = ViewController;
			sourceTree = "<group>";
		};
		D083F0592BF546D500128DA1 /* View */ = {
			isa = PBXGroup;
			children = (
				D083F05F2BF5488C00128DA1 /* AssetView.swift */,
			);
			path = View;
			sourceTree = "<group>";
		};
		D083F05A2BF546D900128DA1 /* Model */ = {
			isa = PBXGroup;
			children = (
				D083F0622BF548AB00128DA1 /* TotalMoneyModel.swift */,
				D083F0722BF5854900128DA1 /* NewsModel.swift */,
				D083F0782BF64D5E00128DA1 /* InvestmentAndLoanModel.swift */,
				D083F07C2BF6744B00128DA1 /* PayIssueModel.swift */,
				D083F0802BF6841D00128DA1 /* DirectModel.swift */,
			);
			path = Model;
			sourceTree = "<group>";
		};
		D083F06C2BF5586700128DA1 /* Component */ = {
			isa = PBXGroup;
			children = (
				D083F06E2BF558F600128DA1 /* CompositionalFactory.swift */,
				D083F06A2BF557BC00128DA1 /* MoreView.swift */,
				D083F0822BF68C6100128DA1 /* SectionBackgroundView.swift */,
			);
			path = Component;
			sourceTree = "<group>";
		};
		8360DA702BF220E0002CABBC /* Transfer */ = {
			isa = PBXGroup;
			children = (
				8360DA882BF25FE7002CABBC /* Model */,
				8360DA7F2BF22B0E002CABBC /* Cell */,
				8360DA722BF220FC002CABBC /* View */,
				8360DA712BF220F4002CABBC /* ViewController */,
			);
			path = Transfer;
			sourceTree = "<group>";
		};
		8360DA712BF220F4002CABBC /* ViewController */ = {
			isa = PBXGroup;
			children = (
				8360DA732BF2210C002CABBC /* TransferViewController.swift */,
			);
			path = ViewController;
			sourceTree = "<group>";
		};
		8360DA722BF220FC002CABBC /* View */ = {
			isa = PBXGroup;
			children = (
				8360DA752BF22116002CABBC /* TransferView.swift */,
				8360DA7D2BF22581002CABBC /* TransferHeaderView.swift */,
			);
			path = View;
			sourceTree = "<group>";
		};
		8360DA7F2BF22B0E002CABBC /* Cell */ = {
			isa = PBXGroup;
			children = (
				8360DA802BF22C1F002CABBC /* MyAccountTableViewCell.swift */,
				8360DA842BF22D6F002CABBC /* MyAccountHeaderView.swift */,
				8360DA822BF22C54002CABBC /* RecentTableViewCell.swift */,
				8360DA862BF22D7B002CABBC /* RecentHeaderView.swift */,
			);
			path = Cell;
			sourceTree = "<group>";
		};
		8360DA882BF25FE7002CABBC /* Model */ = {
			isa = PBXGroup;
			children = (
				8360DA892BF25FF3002CABBC /* TransferModel.swift */,
			);
			path = Model;
			sourceTree = "<group>";
		};
		8360DA8B2BF3C248002CABBC /* Payment */ = {
			isa = PBXGroup;
			children = (
				8360DA8E2BF3C29D002CABBC /* Model */,
				8360DA8D2BF3C295002CABBC /* View */,
				8360DA8C2BF3C278002CABBC /* ViewController */,
			);
			path = Payment;
			sourceTree = "<group>";
		};
		8360DA8C2BF3C278002CABBC /* ViewController */ = {
			isa = PBXGroup;
			children = (
				8360DA932BF3C2CE002CABBC /* PaymentViewController.swift */,
			);
			path = ViewController;
			sourceTree = "<group>";
		};
		8360DA8D2BF3C295002CABBC /* View */ = {
			isa = PBXGroup;
			children = (
				8360DA912BF3C2C4002CABBC /* PaymentView.swift */,
				83FA54412BF5200000F4C1CC /* BarcodePaymentView.swift */,
				83E327C02BF5CFA400C7891C /* CustomDivideView.swift */,
			);
			path = View;
			sourceTree = "<group>";
		};
		8360DA8E2BF3C29D002CABBC /* Model */ = {
			isa = PBXGroup;
			children = (
				8360DA8F2BF3C2BA002CABBC /* PaymentModel.swift */,
			);
			path = Model;
			sourceTree = "<group>";
		};
		836814E92BFDB51300472A0B /* DTO */ = {
			isa = PBXGroup;
			children = (
				836814EA2BFDB52C00472A0B /* GetBalanceDTO.swift */,
				836814EC2BFDB54200472A0B /* GetPayPointDTO.swift */,
				836814EE2BFDB55300472A0B /* PostBookmarkDTO.swift */,
				836814F02BFDB56900472A0B /* GetHistoriesDTO.swift */,
				836814F22BFDB58000472A0B /* GetPayMoneyDTO.swift */,
				836814F42BFDB58C00472A0B /* DeleteBookmarkDTO.swift */,
			);
			path = DTO;
			sourceTree = "<group>";
		};
		836814F62BFDC8E200472A0B /* Service */ = {
			isa = PBXGroup;
			children = (
				836814F72BFDC90D00472A0B /* BaseAPIService.swift */,
				836814FB2BFDCFE700472A0B /* APIService.swift */,
				836814FD2BFDD25D00472A0B /* BalanceService.swift */,
				836814FF2BFDD81F00472A0B /* PayPointService.swift */,
				836815012BFDD89200472A0B /* HistoriesService.swift */,
				836815032BFDD8EB00472A0B /* PayMoneyService.swift */,
				836815062BFDD97700472A0B /* BookmarkService.swift */,
			);
			path = Service;
			sourceTree = "<group>";
		};
/* End PBXGroup section */

/* Begin PBXNativeTarget section */
		83474A762BEE6160009B9C48 /* KakaoPay-iOS */ = {
			isa = PBXNativeTarget;
			buildConfigurationList = 83474A8B2BEE6162009B9C48 /* Build configuration list for PBXNativeTarget "KakaoPay-iOS" */;
			buildPhases = (
				83474A732BEE6160009B9C48 /* Sources */,
				83474A742BEE6160009B9C48 /* Frameworks */,
				83474A752BEE6160009B9C48 /* Resources */,
			);
			buildRules = (
			);
			dependencies = (
			);
			name = "KakaoPay-iOS";
			packageProductDependencies = (
				83474ACD2BEE6977009B9C48 /* SnapKit */,
				83474AD02BEE697E009B9C48 /* Then */,
				83474AD32BEE69CA009B9C48 /* Moya */,
				83474AD62BEE69E0009B9C48 /* Kingfisher */,
			);
			productName = "KakaoPay-iOS";
			productReference = 83474A772BEE6160009B9C48 /* KakaoPay-iOS.app */;
			productType = "com.apple.product-type.application";
		};
/* End PBXNativeTarget section */

/* Begin PBXProject section */
		83474A6F2BEE6160009B9C48 /* Project object */ = {
			isa = PBXProject;
			attributes = {
				BuildIndependentTargetsInParallel = 1;
				LastSwiftUpdateCheck = 1520;
				LastUpgradeCheck = 1520;
				TargetAttributes = {
					83474A762BEE6160009B9C48 = {
						CreatedOnToolsVersion = 15.2;
					};
				};
			};
			buildConfigurationList = 83474A722BEE6160009B9C48 /* Build configuration list for PBXProject "KakaoPay-iOS" */;
			compatibilityVersion = "Xcode 14.0";
			developmentRegion = en;
			hasScannedForEncodings = 0;
			knownRegions = (
				en,
				Base,
			);
			mainGroup = 83474A6E2BEE6160009B9C48;
			packageReferences = (
				83474ACC2BEE6977009B9C48 /* XCRemoteSwiftPackageReference "SnapKit" */,
				83474ACF2BEE697E009B9C48 /* XCRemoteSwiftPackageReference "Then" */,
				83474AD22BEE69CA009B9C48 /* XCRemoteSwiftPackageReference "Moya" */,
				83474AD52BEE69DF009B9C48 /* XCRemoteSwiftPackageReference "Kingfisher" */,
			);
			productRefGroup = 83474A782BEE6160009B9C48 /* Products */;
			projectDirPath = "";
			projectRoot = "";
			targets = (
				83474A762BEE6160009B9C48 /* KakaoPay-iOS */,
			);
		};
/* End PBXProject section */

/* Begin PBXResourcesBuildPhase section */
		83474A752BEE6160009B9C48 /* Resources */ = {
			isa = PBXResourcesBuildPhase;
			buildActionMask = 2147483647;
			files = (
				8360DA682BF10A64002CABBC /* AppleSDGothicNeoSB.ttf in Resources */,
				8360DA6A2BF10A64002CABBC /* AppleSDGothicNeoR.ttf in Resources */,
				83474A842BEE6162009B9C48 /* Assets.xcassets in Resources */,
			);
			runOnlyForDeploymentPostprocessing = 0;
		};
/* End PBXResourcesBuildPhase section */

/* Begin PBXSourcesBuildPhase section */
		83474A732BEE6160009B9C48 /* Sources */ = {
			isa = PBXSourcesBuildPhase;
			buildActionMask = 2147483647;
			files = (
				83474AC72BEE68A8009B9C48 /* UILabel+.swift in Sources */,
				83474AA52BEE6529009B9C48 /* HomeCollectionViewCell.swift in Sources */,
				83474A9B2BEE632F009B9C48 /* HomeViewController.swift in Sources */,
				D083F07F2BF681C300128DA1 /* DirectCell.swift in Sources */,
				83474AAC2BEE65D4009B9C48 /* GetHomeResponseDTO.swift in Sources */,
				D083F07D2BF6744B00128DA1 /* PayIssueModel.swift in Sources */,
				836814EF2BFDB55300472A0B /* PostBookmarkDTO.swift in Sources */,
				836815042BFDD8EB00472A0B /* PayMoneyService.swift in Sources */,
				8360DA832BF22C54002CABBC /* RecentTableViewCell.swift in Sources */,
				8360DA922BF3C2C4002CABBC /* PaymentView.swift in Sources */,
				83E327C12BF5CFA400C7891C /* CustomDivideView.swift in Sources */,
				83474AB92BEE673C009B9C48 /* StringLiterals.swift in Sources */,
				83474AB52BEE670C009B9C48 /* a.swift in Sources */,
				D083F0812BF6841D00128DA1 /* DirectModel.swift in Sources */,
				D083F0732BF5854900128DA1 /* NewsModel.swift in Sources */,
				D083F0832BF68C6100128DA1 /* SectionBackgroundView.swift in Sources */,
				D083F07B2BF671F200128DA1 /* PayIssueCell.swift in Sources */,
				D083F0712BF57A7E00128DA1 /* NewsCell.swift in Sources */,
				8360DA852BF22D6F002CABBC /* MyAccountHeaderView.swift in Sources */,
				83474AC92BEE68DC009B9C48 /* UIButton+.swift in Sources */,
				8360DA902BF3C2BA002CABBC /* PaymentModel.swift in Sources */,
				83474AAF2BEE6631009B9C48 /* NetworkResult.swift in Sources */,
				83474A7F2BEE6160009B9C48 /* ViewController.swift in Sources */,
				83474AAA2BEE65B5009B9C48 /* HomeAPIService.swift in Sources */,
				83FA54422BF5200000F4C1CC /* BarcodePaymentView.swift in Sources */,
				D083F0692BF5518E00128DA1 /* AccountFooterView.swift in Sources */,
				8360DA742BF2210D002CABBC /* TransferViewController.swift in Sources */,
				836814E82BFDB3B800472A0B /* MoyaPlugin.swift in Sources */,
				836814EB2BFDB52C00472A0B /* GetBalanceDTO.swift in Sources */,
				836814F32BFDB58000472A0B /* GetPayMoneyDTO.swift in Sources */,
				836814F52BFDB58C00472A0B /* DeleteBookmarkDTO.swift in Sources */,
				83474ABB2BEE677C009B9C48 /* FontLiterals.swift in Sources */,
				8360DA8A2BF25FF3002CABBC /* TransferModel.swift in Sources */,
				83474AC12BEE684A009B9C48 /* UIView+.swift in Sources */,
				D083F0672BF54FC900128DA1 /* MoneyHeaderView.swift in Sources */,
				8360DA762BF22116002CABBC /* TransferView.swift in Sources */,
				83474AC52BEE688E009B9C48 /* NSObject+.swift in Sources */,
				8360DA6F2BF1D3EA002CABBC /* TabBarController.swift in Sources */,
				836814ED2BFDB54200472A0B /* GetPayPointDTO.swift in Sources */,
				836815072BFDD97700472A0B /* BookmarkService.swift in Sources */,
				D083F0602BF5488C00128DA1 /* AssetView.swift in Sources */,
				83474AC32BEE6878009B9C48 /* UIViewController+.swift in Sources */,
				83474ABF2BEE6824009B9C48 /* UITextField+.swift in Sources */,
				D083F06F2BF558F600128DA1 /* CompositionalFactory.swift in Sources */,
				D083F06B2BF557BC00128DA1 /* MoreView.swift in Sources */,
				8360DA7E2BF22581002CABBC /* TransferHeaderView.swift in Sources */,
				836814F82BFDC90D00472A0B /* BaseAPIService.swift in Sources */,
				836815002BFDD81F00472A0B /* PayPointService.swift in Sources */,
				83474A992BEE6326009B9C48 /* HomeView.swift in Sources */,
				836814F12BFDB56900472A0B /* GetHistoriesDTO.swift in Sources */,
				8360DA812BF22C1F002CABBC /* MyAccountTableViewCell.swift in Sources */,
				836814FE2BFDD25E00472A0B /* BalanceService.swift in Sources */,
				83474ACB2BEE68FC009B9C48 /* UIImageView+.swift in Sources */,
				D083F05C2BF546F800128DA1 /* TotalMoneyCell.swift in Sources */,
				D083F0632BF548AB00128DA1 /* TotalMoneyModel.swift in Sources */,
				D083F0652BF54ADC00128DA1 /* AccontCell.swift in Sources */,
				D083F05E2BF5486600128DA1 /* AssetViewController.swift in Sources */,
				83474ABD2BEE6815009B9C48 /* UIStackView+.swift in Sources */,
				8360DA942BF3C2CE002CABBC /* PaymentViewController.swift in Sources */,
				836814FC2BFDCFE700472A0B /* APIService.swift in Sources */,
				836815022BFDD89200472A0B /* HistoriesService.swift in Sources */,
				836814FA2BFDCEC600472A0B /* Config.swift in Sources */,
				D083F0772BF6481800128DA1 /* investmentAndLoanCell.swift in Sources */,
				8360DA6D2BF1CBD5002CABBC /* TabBarItem.swift in Sources */,
				83474A7B2BEE6160009B9C48 /* AppDelegate.swift in Sources */,
				D0B98C182BF7B7FF00195359 /* DirectHeaderView.swift in Sources */,
				D0B98C1A2BF7B9F000195359 /* DirectFooterView.swift in Sources */,
				83474A7D2BEE6160009B9C48 /* SceneDelegate.swift in Sources */,
				D083F0792BF64D5E00128DA1 /* InvestmentAndLoanModel.swift in Sources */,
				D083F0752BF5F86200128DA1 /* SpendingCell.swift in Sources */,
				8360DA872BF22D7B002CABBC /* RecentHeaderView.swift in Sources */,
			);
			runOnlyForDeploymentPostprocessing = 0;
		};
/* End PBXSourcesBuildPhase section */

/* Begin XCBuildConfiguration section */
		83474A892BEE6162009B9C48 /* Debug */ = {
			isa = XCBuildConfiguration;
			buildSettings = {
				ALWAYS_SEARCH_USER_PATHS = NO;
				ASSETCATALOG_COMPILER_GENERATE_SWIFT_ASSET_SYMBOL_EXTENSIONS = YES;
				CLANG_ANALYZER_NONNULL = YES;
				CLANG_ANALYZER_NUMBER_OBJECT_CONVERSION = YES_AGGRESSIVE;
				CLANG_CXX_LANGUAGE_STANDARD = "gnu++20";
				CLANG_ENABLE_MODULES = YES;
				CLANG_ENABLE_OBJC_ARC = YES;
				CLANG_ENABLE_OBJC_WEAK = YES;
				CLANG_WARN_BLOCK_CAPTURE_AUTORELEASING = YES;
				CLANG_WARN_BOOL_CONVERSION = YES;
				CLANG_WARN_COMMA = YES;
				CLANG_WARN_CONSTANT_CONVERSION = YES;
				CLANG_WARN_DEPRECATED_OBJC_IMPLEMENTATIONS = YES;
				CLANG_WARN_DIRECT_OBJC_ISA_USAGE = YES_ERROR;
				CLANG_WARN_DOCUMENTATION_COMMENTS = YES;
				CLANG_WARN_EMPTY_BODY = YES;
				CLANG_WARN_ENUM_CONVERSION = YES;
				CLANG_WARN_INFINITE_RECURSION = YES;
				CLANG_WARN_INT_CONVERSION = YES;
				CLANG_WARN_NON_LITERAL_NULL_CONVERSION = YES;
				CLANG_WARN_OBJC_IMPLICIT_RETAIN_SELF = YES;
				CLANG_WARN_OBJC_LITERAL_CONVERSION = YES;
				CLANG_WARN_OBJC_ROOT_CLASS = YES_ERROR;
				CLANG_WARN_QUOTED_INCLUDE_IN_FRAMEWORK_HEADER = YES;
				CLANG_WARN_RANGE_LOOP_ANALYSIS = YES;
				CLANG_WARN_STRICT_PROTOTYPES = YES;
				CLANG_WARN_SUSPICIOUS_MOVE = YES;
				CLANG_WARN_UNGUARDED_AVAILABILITY = YES_AGGRESSIVE;
				CLANG_WARN_UNREACHABLE_CODE = YES;
				CLANG_WARN__DUPLICATE_METHOD_MATCH = YES;
				COPY_PHASE_STRIP = NO;
				DEBUG_INFORMATION_FORMAT = dwarf;
				ENABLE_STRICT_OBJC_MSGSEND = YES;
				ENABLE_TESTABILITY = YES;
				ENABLE_USER_SCRIPT_SANDBOXING = YES;
				GCC_C_LANGUAGE_STANDARD = gnu17;
				GCC_DYNAMIC_NO_PIC = NO;
				GCC_NO_COMMON_BLOCKS = YES;
				GCC_OPTIMIZATION_LEVEL = 0;
				GCC_PREPROCESSOR_DEFINITIONS = (
					"DEBUG=1",
					"$(inherited)",
				);
				GCC_WARN_64_TO_32_BIT_CONVERSION = YES;
				GCC_WARN_ABOUT_RETURN_TYPE = YES_ERROR;
				GCC_WARN_UNDECLARED_SELECTOR = YES;
				GCC_WARN_UNINITIALIZED_AUTOS = YES_AGGRESSIVE;
				GCC_WARN_UNUSED_FUNCTION = YES;
				GCC_WARN_UNUSED_VARIABLE = YES;
				IPHONEOS_DEPLOYMENT_TARGET = 17.2;
				LOCALIZATION_PREFERS_STRING_CATALOGS = YES;
				MTL_ENABLE_DEBUG_INFO = INCLUDE_SOURCE;
				MTL_FAST_MATH = YES;
				ONLY_ACTIVE_ARCH = YES;
				SDKROOT = iphoneos;
				SWIFT_ACTIVE_COMPILATION_CONDITIONS = "DEBUG $(inherited)";
				SWIFT_OPTIMIZATION_LEVEL = "-Onone";
			};
			name = Debug;
		};
		83474A8A2BEE6162009B9C48 /* Release */ = {
			isa = XCBuildConfiguration;
			buildSettings = {
				ALWAYS_SEARCH_USER_PATHS = NO;
				ASSETCATALOG_COMPILER_GENERATE_SWIFT_ASSET_SYMBOL_EXTENSIONS = YES;
				CLANG_ANALYZER_NONNULL = YES;
				CLANG_ANALYZER_NUMBER_OBJECT_CONVERSION = YES_AGGRESSIVE;
				CLANG_CXX_LANGUAGE_STANDARD = "gnu++20";
				CLANG_ENABLE_MODULES = YES;
				CLANG_ENABLE_OBJC_ARC = YES;
				CLANG_ENABLE_OBJC_WEAK = YES;
				CLANG_WARN_BLOCK_CAPTURE_AUTORELEASING = YES;
				CLANG_WARN_BOOL_CONVERSION = YES;
				CLANG_WARN_COMMA = YES;
				CLANG_WARN_CONSTANT_CONVERSION = YES;
				CLANG_WARN_DEPRECATED_OBJC_IMPLEMENTATIONS = YES;
				CLANG_WARN_DIRECT_OBJC_ISA_USAGE = YES_ERROR;
				CLANG_WARN_DOCUMENTATION_COMMENTS = YES;
				CLANG_WARN_EMPTY_BODY = YES;
				CLANG_WARN_ENUM_CONVERSION = YES;
				CLANG_WARN_INFINITE_RECURSION = YES;
				CLANG_WARN_INT_CONVERSION = YES;
				CLANG_WARN_NON_LITERAL_NULL_CONVERSION = YES;
				CLANG_WARN_OBJC_IMPLICIT_RETAIN_SELF = YES;
				CLANG_WARN_OBJC_LITERAL_CONVERSION = YES;
				CLANG_WARN_OBJC_ROOT_CLASS = YES_ERROR;
				CLANG_WARN_QUOTED_INCLUDE_IN_FRAMEWORK_HEADER = YES;
				CLANG_WARN_RANGE_LOOP_ANALYSIS = YES;
				CLANG_WARN_STRICT_PROTOTYPES = YES;
				CLANG_WARN_SUSPICIOUS_MOVE = YES;
				CLANG_WARN_UNGUARDED_AVAILABILITY = YES_AGGRESSIVE;
				CLANG_WARN_UNREACHABLE_CODE = YES;
				CLANG_WARN__DUPLICATE_METHOD_MATCH = YES;
				COPY_PHASE_STRIP = NO;
				DEBUG_INFORMATION_FORMAT = "dwarf-with-dsym";
				ENABLE_NS_ASSERTIONS = NO;
				ENABLE_STRICT_OBJC_MSGSEND = YES;
				ENABLE_USER_SCRIPT_SANDBOXING = YES;
				GCC_C_LANGUAGE_STANDARD = gnu17;
				GCC_NO_COMMON_BLOCKS = YES;
				GCC_WARN_64_TO_32_BIT_CONVERSION = YES;
				GCC_WARN_ABOUT_RETURN_TYPE = YES_ERROR;
				GCC_WARN_UNDECLARED_SELECTOR = YES;
				GCC_WARN_UNINITIALIZED_AUTOS = YES_AGGRESSIVE;
				GCC_WARN_UNUSED_FUNCTION = YES;
				GCC_WARN_UNUSED_VARIABLE = YES;
				IPHONEOS_DEPLOYMENT_TARGET = 17.2;
				LOCALIZATION_PREFERS_STRING_CATALOGS = YES;
				MTL_ENABLE_DEBUG_INFO = NO;
				MTL_FAST_MATH = YES;
				SDKROOT = iphoneos;
				SWIFT_COMPILATION_MODE = wholemodule;
				VALIDATE_PRODUCT = YES;
			};
			name = Release;
		};
		83474A8C2BEE6162009B9C48 /* Debug */ = {
			isa = XCBuildConfiguration;
			buildSettings = {
				ASSETCATALOG_COMPILER_APPICON_NAME = AppIcon;
				ASSETCATALOG_COMPILER_GLOBAL_ACCENT_COLOR_NAME = AccentColor;
				BASE_URL = "https://www.thqjxhs.p-e.kr/";
				CODE_SIGN_STYLE = Automatic;
				CURRENT_PROJECT_VERSION = 1;
				DEVELOPMENT_TEAM = X395BM5WW7;
				GENERATE_INFOPLIST_FILE = YES;
				INFOPLIST_FILE = "KakaoPay-iOS/Global/Resources/Info.plist";
				INFOPLIST_KEY_UIApplicationSupportsIndirectInputEvents = YES;
				INFOPLIST_KEY_UILaunchStoryboardName = LaunchScreen;
				INFOPLIST_KEY_UISupportedInterfaceOrientations_iPad = "UIInterfaceOrientationPortrait UIInterfaceOrientationPortraitUpsideDown UIInterfaceOrientationLandscapeLeft UIInterfaceOrientationLandscapeRight";
				INFOPLIST_KEY_UISupportedInterfaceOrientations_iPhone = "UIInterfaceOrientationPortrait UIInterfaceOrientationLandscapeLeft UIInterfaceOrientationLandscapeRight";
				LD_RUNPATH_SEARCH_PATHS = (
					"$(inherited)",
					"@executable_path/Frameworks",
				);
				MARKETING_VERSION = 1.0;
				PRODUCT_BUNDLE_IDENTIFIER = "com.KakaoPay-iOS";
				PRODUCT_NAME = "$(TARGET_NAME)";
				SWIFT_EMIT_LOC_STRINGS = YES;
				SWIFT_VERSION = 5.0;
				TARGETED_DEVICE_FAMILY = "1,2";
			};
			name = Debug;
		};
		83474A8D2BEE6162009B9C48 /* Release */ = {
			isa = XCBuildConfiguration;
			buildSettings = {
				ASSETCATALOG_COMPILER_APPICON_NAME = AppIcon;
				ASSETCATALOG_COMPILER_GLOBAL_ACCENT_COLOR_NAME = AccentColor;
				BASE_URL = "https://www.thqjxhs.p-e.kr/";
				CODE_SIGN_STYLE = Automatic;
				CURRENT_PROJECT_VERSION = 1;
				DEVELOPMENT_TEAM = X395BM5WW7;
				GENERATE_INFOPLIST_FILE = YES;
				INFOPLIST_FILE = "KakaoPay-iOS/Global/Resources/Info.plist";
				INFOPLIST_KEY_UIApplicationSupportsIndirectInputEvents = YES;
				INFOPLIST_KEY_UILaunchStoryboardName = LaunchScreen;
				INFOPLIST_KEY_UISupportedInterfaceOrientations_iPad = "UIInterfaceOrientationPortrait UIInterfaceOrientationPortraitUpsideDown UIInterfaceOrientationLandscapeLeft UIInterfaceOrientationLandscapeRight";
				INFOPLIST_KEY_UISupportedInterfaceOrientations_iPhone = "UIInterfaceOrientationPortrait UIInterfaceOrientationLandscapeLeft UIInterfaceOrientationLandscapeRight";
				LD_RUNPATH_SEARCH_PATHS = (
					"$(inherited)",
					"@executable_path/Frameworks",
				);
				MARKETING_VERSION = 1.0;
				PRODUCT_BUNDLE_IDENTIFIER = "com.KakaoPay-iOS";
				PRODUCT_NAME = "$(TARGET_NAME)";
				SWIFT_EMIT_LOC_STRINGS = YES;
				SWIFT_VERSION = 5.0;
				TARGETED_DEVICE_FAMILY = "1,2";
			};
			name = Release;
		};
/* End XCBuildConfiguration section */

/* Begin XCConfigurationList section */
		83474A722BEE6160009B9C48 /* Build configuration list for PBXProject "KakaoPay-iOS" */ = {
			isa = XCConfigurationList;
			buildConfigurations = (
				83474A892BEE6162009B9C48 /* Debug */,
				83474A8A2BEE6162009B9C48 /* Release */,
			);
			defaultConfigurationIsVisible = 0;
			defaultConfigurationName = Release;
		};
		83474A8B2BEE6162009B9C48 /* Build configuration list for PBXNativeTarget "KakaoPay-iOS" */ = {
			isa = XCConfigurationList;
			buildConfigurations = (
				83474A8C2BEE6162009B9C48 /* Debug */,
				83474A8D2BEE6162009B9C48 /* Release */,
			);
			defaultConfigurationIsVisible = 0;
			defaultConfigurationName = Release;
		};
/* End XCConfigurationList section */

/* Begin XCRemoteSwiftPackageReference section */
		83474ACC2BEE6977009B9C48 /* XCRemoteSwiftPackageReference "SnapKit" */ = {
			isa = XCRemoteSwiftPackageReference;
			repositoryURL = "https://github.com/SnapKit/SnapKit";
			requirement = {
				kind = upToNextMajorVersion;
				minimumVersion = 5.7.1;
			};
		};
		83474ACF2BEE697E009B9C48 /* XCRemoteSwiftPackageReference "Then" */ = {
			isa = XCRemoteSwiftPackageReference;
			repositoryURL = "https://github.com/devxoul/Then";
			requirement = {
				kind = upToNextMajorVersion;
				minimumVersion = 3.0.0;
			};
		};
		83474AD22BEE69CA009B9C48 /* XCRemoteSwiftPackageReference "Moya" */ = {
			isa = XCRemoteSwiftPackageReference;
			repositoryURL = "https://github.com/Moya/Moya";
			requirement = {
				kind = upToNextMajorVersion;
				minimumVersion = 15.0.3;
			};
		};
		83474AD52BEE69DF009B9C48 /* XCRemoteSwiftPackageReference "Kingfisher" */ = {
			isa = XCRemoteSwiftPackageReference;
			repositoryURL = "https://github.com/onevcat/Kingfisher";
			requirement = {
				kind = upToNextMajorVersion;
				minimumVersion = 7.11.0;
			};
		};
/* End XCRemoteSwiftPackageReference section */

/* Begin XCSwiftPackageProductDependency section */
		83474ACD2BEE6977009B9C48 /* SnapKit */ = {
			isa = XCSwiftPackageProductDependency;
			package = 83474ACC2BEE6977009B9C48 /* XCRemoteSwiftPackageReference "SnapKit" */;
			productName = SnapKit;
		};
		83474AD02BEE697E009B9C48 /* Then */ = {
			isa = XCSwiftPackageProductDependency;
			package = 83474ACF2BEE697E009B9C48 /* XCRemoteSwiftPackageReference "Then" */;
			productName = Then;
		};
		83474AD32BEE69CA009B9C48 /* Moya */ = {
			isa = XCSwiftPackageProductDependency;
			package = 83474AD22BEE69CA009B9C48 /* XCRemoteSwiftPackageReference "Moya" */;
			productName = Moya;
		};
		83474AD62BEE69E0009B9C48 /* Kingfisher */ = {
			isa = XCSwiftPackageProductDependency;
			package = 83474AD52BEE69DF009B9C48 /* XCRemoteSwiftPackageReference "Kingfisher" */;
			productName = Kingfisher;
		};
/* End XCSwiftPackageProductDependency section */
	};
	rootObject = 83474A6F2BEE6160009B9C48 /* Project object */;
}
